
Microsoft Visual Studio Solution File, Format Version 12.00
# Visual Studio Version 17
VisualStudioVersion = 17.14.36414.22
MinimumVisualStudioVersion = 10.0.40219.1
Project("{FAE04EC0-301F-11D3-BF4B-00C04F79EFBC}") = "UI", "PatientManagement\UI.csproj", "{1E624829-1F33-44C9-90DD-8E74A78467D1}"
EndProject
Project("{FAE04EC0-301F-11D3-BF4B-00C04F79EFBC}") = "BLL", "BLL\BLL.csproj", "{ECF6FE91-6DA9-4611-8908-D495A0F954A6}"
EndProject
Project("{FAE04EC0-301F-11D3-BF4B-00C04F79EFBC}") = "DAL", "DAL\DAL.csproj", "{F6297E23-6C28-48F9-9934-3EAFA8A65A58}"
EndProject
Project("{FAE04EC0-301F-11D3-BF4B-00C04F79EFBC}") = "EL", "EL\EL.csproj", "{DB5B8F18-5850-4F4E-956A-4B19B51613F0}"
EndProject
Project("{FAE04EC0-301F-11D3-BF4B-00C04F79EFBC}") = "UL", "UL\UL.csproj", "{F9FB192C-06D8-4801-A8A7-CF4CE0A3DDC9}"
EndProject
Global
	GlobalSection(SolutionConfigurationPlatforms) = preSolution
		Debug|Any CPU = Debug|Any CPU
		Release|Any CPU = Release|Any CPU
	EndGlobalSection
	GlobalSection(ProjectConfigurationPlatforms) = postSolution
		{1E624829-1F33-44C9-90DD-8E74A78467D1}.Debug|Any CPU.ActiveCfg = Debug|Any CPU
		{1E624829-1F33-44C9-90DD-8E74A78467D1}.Debug|Any CPU.Build.0 = Debug|Any CPU
		{1E624829-1F33-44C9-90DD-8E74A78467D1}.Release|Any CPU.ActiveCfg = Release|Any CPU
		{1E624829-1F33-44C9-90DD-8E74A78467D1}.Release|Any CPU.Build.0 = Release|Any CPU
		{ECF6FE91-6DA9-4611-8908-D495A0F954A6}.Debug|Any CPU.ActiveCfg = Debug|Any CPU
		{ECF6FE91-6DA9-4611-8908-D495A0F954A6}.Debug|Any CPU.Build.0 = Debug|Any CPU
		{ECF6FE91-6DA9-4611-8908-D495A0F954A6}.Release|Any CPU.ActiveCfg = Release|Any CPU
		{ECF6FE91-6DA9-4611-8908-D495A0F954A6}.Release|Any CPU.Build.0 = Release|Any CPU
		{F6297E23-6C28-48F9-9934-3EAFA8A65A58}.Debug|Any CPU.ActiveCfg = Debug|Any CPU
		{F6297E23-6C28-48F9-9934-3EAFA8A65A58}.Debug|Any CPU.Build.0 = Debug|Any CPU
		{F6297E23-6C28-48F9-9934-3EAFA8A65A58}.Release|Any CPU.ActiveCfg = Release|Any CPU
		{F6297E23-6C28-48F9-9934-3EAFA8A65A58}.Release|Any CPU.Build.0 = Release|Any CPU
		{DB5B8F18-5850-4F4E-956A-4B19B51613F0}.Debug|Any CPU.ActiveCfg = Debug|Any CPU
		{DB5B8F18-5850-4F4E-956A-4B19B51613F0}.Debug|Any CPU.Build.0 = Debug|Any CPU
		{DB5B8F18-5850-4F4E-956A-4B19B51613F0}.Release|Any CPU.ActiveCfg = Release|Any CPU
		{DB5B8F18-5850-4F4E-956A-4B19B51613F0}.Release|Any CPU.Build.0 = Release|Any CPU
		{F9FB192C-06D8-4801-A8A7-CF4CE0A3DDC9}.Debug|Any CPU.ActiveCfg = Debug|Any CPU
		{F9FB192C-06D8-4801-A8A7-CF4CE0A3DDC9}.Debug|Any CPU.Build.0 = Debug|Any CPU
		{F9FB192C-06D8-4801-A8A7-CF4CE0A3DDC9}.Release|Any CPU.ActiveCfg = Release|Any CPU
		{F9FB192C-06D8-4801-A8A7-CF4CE0A3DDC9}.Release|Any CPU.Build.0 = Release|Any CPU
	EndGlobalSection
	GlobalSection(SolutionProperties) = preSolution
		HideSolutionNode = FALSE
	EndGlobalSection
	GlobalSection(ExtensibilityGlobals) = postSolution
		SolutionGuid = {A44F98D8-6A97-4E4F-8BDF-071F425E0C66}
	EndGlobalSection
EndGlobal
